
Microsoft Visual Studio Solution File, Format Version 12.00
# Visual Studio 15
VisualStudioVersion = 15.0.28010.2003
MinimumVisualStudioVersion = 10.0.40219.1
Project("{FAE04EC0-301F-11D3-BF4B-00C04F79EFBC}") = "Method overloading pt2", "Method overloading pt2\Method overloading pt2.csproj", "{D248243B-4E01-45D4-999C-6A5E7F33B326}"
EndProject
Global
	GlobalSection(SolutionConfigurationPlatforms) = preSolution
		Debug|Any CPU = Debug|Any CPU
		Release|Any CPU = Release|Any CPU
	EndGlobalSection
	GlobalSection(ProjectConfigurationPlatforms) = postSolution
		{D248243B-4E01-45D4-999C-6A5E7F33B326}.Debug|Any CPU.ActiveCfg = Debug|Any CPU
		{D248243B-4E01-45D4-999C-6A5E7F33B326}.Debug|Any CPU.Build.0 = Debug|Any CPU
		{D248243B-4E01-45D4-999C-6A5E7F33B326}.Release|Any CPU.ActiveCfg = Release|Any CPU
		{D248243B-4E01-45D4-999C-6A5E7F33B326}.Release|Any CPU.Build.0 = Release|Any CPU
	EndGlobalSection
	GlobalSection(SolutionProperties) = preSolution
		HideSolutionNode = FALSE
	EndGlobalSection
	GlobalSection(ExtensibilityGlobals) = postSolution
		SolutionGuid = {85FE5372-92C0-47B1-967A-30A95E0D4A1D}
	EndGlobalSection
EndGlobal
