
Microsoft Visual Studio Solution File, Format Version 12.00
# Visual Studio 15
VisualStudioVersion = 15.0.28010.2003
MinimumVisualStudioVersion = 10.0.40219.1
Project("{FAE04EC0-301F-11D3-BF4B-00C04F79EFBC}") = "jsnedeker_waterguns", "jsnedeker_waterguns\jsnedeker_waterguns.csproj", "{CFE5F919-DBA1-474C-9144-A66397B2C601}"
EndProject
Global
	GlobalSection(SolutionConfigurationPlatforms) = preSolution
		Debug|Any CPU = Debug|Any CPU
		Release|Any CPU = Release|Any CPU
	EndGlobalSection
	GlobalSection(ProjectConfigurationPlatforms) = postSolution
		{CFE5F919-DBA1-474C-9144-A66397B2C601}.Debug|Any CPU.ActiveCfg = Debug|Any CPU
		{CFE5F919-DBA1-474C-9144-A66397B2C601}.Debug|Any CPU.Build.0 = Debug|Any CPU
		{CFE5F919-DBA1-474C-9144-A66397B2C601}.Release|Any CPU.ActiveCfg = Release|Any CPU
		{CFE5F919-DBA1-474C-9144-A66397B2C601}.Release|Any CPU.Build.0 = Release|Any CPU
	EndGlobalSection
	GlobalSection(SolutionProperties) = preSolution
		HideSolutionNode = FALSE
	EndGlobalSection
	GlobalSection(ExtensibilityGlobals) = postSolution
		SolutionGuid = {519A570D-EC58-4AD8-929A-17CD9F500EAB}
	EndGlobalSection
EndGlobal
