
Microsoft Visual Studio Solution File, Format Version 12.00
# Visual Studio 15
VisualStudioVersion = 15.0.28010.2003
MinimumVisualStudioVersion = 10.0.40219.1
Project("{FAE04EC0-301F-11D3-BF4B-00C04F79EFBC}") = "fullaskii", "fullaskii\fullaskii.csproj", "{75A23F13-E102-4805-8DCA-BC00F7A362C9}"
EndProject
Global
	GlobalSection(SolutionConfigurationPlatforms) = preSolution
		Debug|Any CPU = Debug|Any CPU
		Release|Any CPU = Release|Any CPU
	EndGlobalSection
	GlobalSection(ProjectConfigurationPlatforms) = postSolution
		{75A23F13-E102-4805-8DCA-BC00F7A362C9}.Debug|Any CPU.ActiveCfg = Debug|Any CPU
		{75A23F13-E102-4805-8DCA-BC00F7A362C9}.Debug|Any CPU.Build.0 = Debug|Any CPU
		{75A23F13-E102-4805-8DCA-BC00F7A362C9}.Release|Any CPU.ActiveCfg = Release|Any CPU
		{75A23F13-E102-4805-8DCA-BC00F7A362C9}.Release|Any CPU.Build.0 = Release|Any CPU
	EndGlobalSection
	GlobalSection(SolutionProperties) = preSolution
		HideSolutionNode = FALSE
	EndGlobalSection
	GlobalSection(ExtensibilityGlobals) = postSolution
		SolutionGuid = {FCC4A995-6C07-41EA-963B-30DC664B5778}
	EndGlobalSection
EndGlobal
