
Microsoft Visual Studio Solution File, Format Version 12.00
# Visual Studio 15
VisualStudioVersion = 15.0.28010.2003
MinimumVisualStudioVersion = 10.0.40219.1
Project("{FAE04EC0-301F-11D3-BF4B-00C04F79EFBC}") = "Winforms", "Winforms\Winforms.csproj", "{9822E2AC-E5BB-4223-94A0-80E6F9CA6DB6}"
EndProject
Global
	GlobalSection(SolutionConfigurationPlatforms) = preSolution
		Debug|Any CPU = Debug|Any CPU
		Release|Any CPU = Release|Any CPU
	EndGlobalSection
	GlobalSection(ProjectConfigurationPlatforms) = postSolution
		{9822E2AC-E5BB-4223-94A0-80E6F9CA6DB6}.Debug|Any CPU.ActiveCfg = Debug|Any CPU
		{9822E2AC-E5BB-4223-94A0-80E6F9CA6DB6}.Debug|Any CPU.Build.0 = Debug|Any CPU
		{9822E2AC-E5BB-4223-94A0-80E6F9CA6DB6}.Release|Any CPU.ActiveCfg = Release|Any CPU
		{9822E2AC-E5BB-4223-94A0-80E6F9CA6DB6}.Release|Any CPU.Build.0 = Release|Any CPU
	EndGlobalSection
	GlobalSection(SolutionProperties) = preSolution
		HideSolutionNode = FALSE
	EndGlobalSection
	GlobalSection(ExtensibilityGlobals) = postSolution
		SolutionGuid = {7FFC074B-671E-456F-A7FA-7D96F57216C2}
	EndGlobalSection
EndGlobal
